
Microsoft Visual Studio Solution File, Format Version 12.00
# Visual Studio Version 16
VisualStudioVersion = 16.0.30907.101
MinimumVisualStudioVersion = 10.0.40219.1
Project("{FAE04EC0-301F-11D3-BF4B-00C04F79EFBC}") = "ClassMethodDemo", "ClassMethodDemo.csproj", "{A87D0816-4B72-4753-87DF-C2CAC1313E90}"
EndProject
Global
	GlobalSection(SolutionConfigurationPlatforms) = preSolution
		Debug|Any CPU = Debug|Any CPU
		Release|Any CPU = Release|Any CPU
	EndGlobalSection
	GlobalSection(ProjectConfigurationPlatforms) = postSolution
		{A87D0816-4B72-4753-87DF-C2CAC1313E90}.Debug|Any CPU.ActiveCfg = Debug|Any CPU
		{A87D0816-4B72-4753-87DF-C2CAC1313E90}.Debug|Any CPU.Build.0 = Debug|Any CPU
		{A87D0816-4B72-4753-87DF-C2CAC1313E90}.Release|Any CPU.ActiveCfg = Release|Any CPU
		{A87D0816-4B72-4753-87DF-C2CAC1313E90}.Release|Any CPU.Build.0 = Release|Any CPU
	EndGlobalSection
	GlobalSection(SolutionProperties) = preSolution
		HideSolutionNode = FALSE
	EndGlobalSection
	GlobalSection(ExtensibilityGlobals) = postSolution
		SolutionGuid = {B06422B9-B593-4DC5-9FA6-9F069897E4C0}
	EndGlobalSection
EndGlobal
