
Microsoft Visual Studio Solution File, Format Version 12.00
# Visual Studio Version 16
VisualStudioVersion = 16.0.30907.101
MinimumVisualStudioVersion = 10.0.40219.1
Project("{FAE04EC0-301F-11D3-BF4B-00C04F79EFBC}") = "GameProject", "GameProject.csproj", "{4477F66C-D087-464C-9F92-CC5872ACC8C9}"
EndProject
Global
	GlobalSection(SolutionConfigurationPlatforms) = preSolution
		Debug|Any CPU = Debug|Any CPU
		Release|Any CPU = Release|Any CPU
	EndGlobalSection
	GlobalSection(ProjectConfigurationPlatforms) = postSolution
		{4477F66C-D087-464C-9F92-CC5872ACC8C9}.Debug|Any CPU.ActiveCfg = Debug|Any CPU
		{4477F66C-D087-464C-9F92-CC5872ACC8C9}.Debug|Any CPU.Build.0 = Debug|Any CPU
		{4477F66C-D087-464C-9F92-CC5872ACC8C9}.Release|Any CPU.ActiveCfg = Release|Any CPU
		{4477F66C-D087-464C-9F92-CC5872ACC8C9}.Release|Any CPU.Build.0 = Release|Any CPU
	EndGlobalSection
	GlobalSection(SolutionProperties) = preSolution
		HideSolutionNode = FALSE
	EndGlobalSection
	GlobalSection(ExtensibilityGlobals) = postSolution
		SolutionGuid = {19FFC91A-ABE5-4536-BC69-902936BEF408}
	EndGlobalSection
EndGlobal
